
Microsoft Visual Studio Solution File, Format Version 12.00
# Visual Studio Version 17
VisualStudioVersion = 17.4.33213.308
MinimumVisualStudioVersion = 10.0.40219.1
Project("{FAE04EC0-301F-11D3-BF4B-00C04F79EFBC}") = "SeasonProject", "SeasonProject\SeasonProject.csproj", "{EEF74E30-3FF0-44C6-9940-C91221366882}"
EndProject
Global
	GlobalSection(SolutionConfigurationPlatforms) = preSolution
		Debug|Any CPU = Debug|Any CPU
		Release|Any CPU = Release|Any CPU
	EndGlobalSection
	GlobalSection(ProjectConfigurationPlatforms) = postSolution
		{EEF74E30-3FF0-44C6-9940-C91221366882}.Debug|Any CPU.ActiveCfg = Debug|Any CPU
		{EEF74E30-3FF0-44C6-9940-C91221366882}.Debug|Any CPU.Build.0 = Debug|Any CPU
		{EEF74E30-3FF0-44C6-9940-C91221366882}.Release|Any CPU.ActiveCfg = Release|Any CPU
		{EEF74E30-3FF0-44C6-9940-C91221366882}.Release|Any CPU.Build.0 = Release|Any CPU
	EndGlobalSection
	GlobalSection(SolutionProperties) = preSolution
		HideSolutionNode = FALSE
	EndGlobalSection
	GlobalSection(ExtensibilityGlobals) = postSolution
		SolutionGuid = {1772FD73-10EB-40DA-AEDF-45A7F2A720DC}
	EndGlobalSection
EndGlobal
